// !$*UTF8*$!
{
	archiveVersion = 1;
	classes = {
	};
	objectVersion = 50;
	objects = {

/* Begin PBXBuildFile section */
		2B76E67F243400440081FD2E /* AppDelegate.swift in Sources */ = {isa = PBXBuildFile; fileRef = 2B76E67E243400440081FD2E /* AppDelegate.swift */; };
		2B76E681243400440081FD2E /* SceneDelegate.swift in Sources */ = {isa = PBXBuildFile; fileRef = 2B76E680243400440081FD2E /* SceneDelegate.swift */; };
		2B76E683243400440081FD2E /* HomeViewController.swift in Sources */ = {isa = PBXBuildFile; fileRef = 2B76E682243400440081FD2E /* HomeViewController.swift */; };
		2B76E689243400440081FD2E /* HowTo.xcdatamodeld in Sources */ = {isa = PBXBuildFile; fileRef = 2B76E687243400440081FD2E /* HowTo.xcdatamodeld */; };
		2B76E68B243400460081FD2E /* Assets.xcassets in Resources */ = {isa = PBXBuildFile; fileRef = 2B76E68A243400460081FD2E /* Assets.xcassets */; };
		2B76E68E243400460081FD2E /* LaunchScreen.storyboard in Resources */ = {isa = PBXBuildFile; fileRef = 2B76E68C243400460081FD2E /* LaunchScreen.storyboard */; };
		2B76E699243400460081FD2E /* HowToTests.swift in Sources */ = {isa = PBXBuildFile; fileRef = 2B76E698243400460081FD2E /* HowToTests.swift */; };
		2B76E6A4243400460081FD2E /* HowToUITests.swift in Sources */ = {isa = PBXBuildFile; fileRef = 2B76E6A3243400460081FD2E /* HowToUITests.swift */; };
		2B76E6B324342A4B0081FD2E /* TutorialTests.swift in Sources */ = {isa = PBXBuildFile; fileRef = 2B76E6B224342A4B0081FD2E /* TutorialTests.swift */; };
		2B76E6B624342C3F0081FD2E /* Tutorial.swift in Sources */ = {isa = PBXBuildFile; fileRef = 2B76E6B524342C3F0081FD2E /* Tutorial.swift */; };
		2B76E6B824342C7C0081FD2E /* Ingredient.swift in Sources */ = {isa = PBXBuildFile; fileRef = 2B76E6B724342C7B0081FD2E /* Ingredient.swift */; };
		2B76E6BA243432150081FD2E /* Step.swift in Sources */ = {isa = PBXBuildFile; fileRef = 2B76E6B9243432150081FD2E /* Step.swift */; };
		71D1A2D5AB71F633B682FF41 /* Pods_HowToTests.framework in Frameworks */ = {isa = PBXBuildFile; fileRef = 93368576F3B34BD055D28688 /* Pods_HowToTests.framework */; };
		A133F156E351684A0D9F14AC /* Pods_HowTo_HowToUITests.framework in Frameworks */ = {isa = PBXBuildFile; fileRef = B503E07EF3DD411184F298D7 /* Pods_HowTo_HowToUITests.framework */; };
		DC15AA4D3C9A13870913808A /* Pods_HowTo.framework in Frameworks */ = {isa = PBXBuildFile; fileRef = BD44F9910C6795C03984146C /* Pods_HowTo.framework */; };
/* End PBXBuildFile section */

/* Begin PBXContainerItemProxy section */
		2B76E695243400460081FD2E /* PBXContainerItemProxy */ = {
			isa = PBXContainerItemProxy;
			containerPortal = 2B76E673243400430081FD2E /* Project object */;
			proxyType = 1;
			remoteGlobalIDString = 2B76E67A243400430081FD2E;
			remoteInfo = HowTo;
		};
		2B76E6A0243400460081FD2E /* PBXContainerItemProxy */ = {
			isa = PBXContainerItemProxy;
			containerPortal = 2B76E673243400430081FD2E /* Project object */;
			proxyType = 1;
			remoteGlobalIDString = 2B76E67A243400430081FD2E;
			remoteInfo = HowTo;
		};
/* End PBXContainerItemProxy section */

/* Begin PBXFileReference section */
		2B76E67B243400440081FD2E /* HowTo.app */ = {isa = PBXFileReference; explicitFileType = wrapper.application; includeInIndex = 0; path = HowTo.app; sourceTree = BUILT_PRODUCTS_DIR; };
		2B76E67E243400440081FD2E /* AppDelegate.swift */ = {isa = PBXFileReference; lastKnownFileType = sourcecode.swift; path = AppDelegate.swift; sourceTree = "<group>"; };
		2B76E680243400440081FD2E /* SceneDelegate.swift */ = {isa = PBXFileReference; lastKnownFileType = sourcecode.swift; path = SceneDelegate.swift; sourceTree = "<group>"; };
		2B76E682243400440081FD2E /* HomeViewController.swift */ = {isa = PBXFileReference; lastKnownFileType = sourcecode.swift; path = HomeViewController.swift; sourceTree = "<group>"; };
		2B76E688243400440081FD2E /* HowTo.xcdatamodel */ = {isa = PBXFileReference; lastKnownFileType = wrapper.xcdatamodel; path = HowTo.xcdatamodel; sourceTree = "<group>"; };
		2B76E68A243400460081FD2E /* Assets.xcassets */ = {isa = PBXFileReference; lastKnownFileType = folder.assetcatalog; path = Assets.xcassets; sourceTree = "<group>"; };
		2B76E68D243400460081FD2E /* Base */ = {isa = PBXFileReference; lastKnownFileType = file.storyboard; name = Base; path = Base.lproj/LaunchScreen.storyboard; sourceTree = "<group>"; };
		2B76E68F243400460081FD2E /* Info.plist */ = {isa = PBXFileReference; lastKnownFileType = text.plist.xml; path = Info.plist; sourceTree = "<group>"; };
		2B76E694243400460081FD2E /* HowToTests.xctest */ = {isa = PBXFileReference; explicitFileType = wrapper.cfbundle; includeInIndex = 0; path = HowToTests.xctest; sourceTree = BUILT_PRODUCTS_DIR; };
		2B76E698243400460081FD2E /* HowToTests.swift */ = {isa = PBXFileReference; lastKnownFileType = sourcecode.swift; path = HowToTests.swift; sourceTree = "<group>"; };
		2B76E69A243400460081FD2E /* Info.plist */ = {isa = PBXFileReference; lastKnownFileType = text.plist.xml; path = Info.plist; sourceTree = "<group>"; };
		2B76E69F243400460081FD2E /* HowToUITests.xctest */ = {isa = PBXFileReference; explicitFileType = wrapper.cfbundle; includeInIndex = 0; path = HowToUITests.xctest; sourceTree = BUILT_PRODUCTS_DIR; };
		2B76E6A3243400460081FD2E /* HowToUITests.swift */ = {isa = PBXFileReference; lastKnownFileType = sourcecode.swift; path = HowToUITests.swift; sourceTree = "<group>"; };
		2B76E6A5243400460081FD2E /* Info.plist */ = {isa = PBXFileReference; lastKnownFileType = text.plist.xml; path = Info.plist; sourceTree = "<group>"; };
		2B76E6B224342A4B0081FD2E /* TutorialTests.swift */ = {isa = PBXFileReference; lastKnownFileType = sourcecode.swift; path = TutorialTests.swift; sourceTree = "<group>"; };
		2B76E6B524342C3F0081FD2E /* Tutorial.swift */ = {isa = PBXFileReference; lastKnownFileType = sourcecode.swift; path = Tutorial.swift; sourceTree = "<group>"; };
		2B76E6B724342C7B0081FD2E /* Ingredient.swift */ = {isa = PBXFileReference; lastKnownFileType = sourcecode.swift; path = Ingredient.swift; sourceTree = "<group>"; };
		2B76E6B9243432150081FD2E /* Step.swift */ = {isa = PBXFileReference; lastKnownFileType = sourcecode.swift; path = Step.swift; sourceTree = "<group>"; };
		3F78CEDA314DFA84A05A2C03 /* Pods-HowTo-HowToUITests.release.xcconfig */ = {isa = PBXFileReference; includeInIndex = 1; lastKnownFileType = text.xcconfig; name = "Pods-HowTo-HowToUITests.release.xcconfig"; path = "Target Support Files/Pods-HowTo-HowToUITests/Pods-HowTo-HowToUITests.release.xcconfig"; sourceTree = "<group>"; };
		73D14462C8F16D9C8A753E3B /* Pods-HowTo.release.xcconfig */ = {isa = PBXFileReference; includeInIndex = 1; lastKnownFileType = text.xcconfig; name = "Pods-HowTo.release.xcconfig"; path = "Target Support Files/Pods-HowTo/Pods-HowTo.release.xcconfig"; sourceTree = "<group>"; };
		93368576F3B34BD055D28688 /* Pods_HowToTests.framework */ = {isa = PBXFileReference; explicitFileType = wrapper.framework; includeInIndex = 0; path = Pods_HowToTests.framework; sourceTree = BUILT_PRODUCTS_DIR; };
		93E670ED1564AEF0F172C952 /* Pods-HowTo-HowToUITests.debug.xcconfig */ = {isa = PBXFileReference; includeInIndex = 1; lastKnownFileType = text.xcconfig; name = "Pods-HowTo-HowToUITests.debug.xcconfig"; path = "Target Support Files/Pods-HowTo-HowToUITests/Pods-HowTo-HowToUITests.debug.xcconfig"; sourceTree = "<group>"; };
		A7CFA05FC8A76C441A491ADE /* Pods-HowToTests.debug.xcconfig */ = {isa = PBXFileReference; includeInIndex = 1; lastKnownFileType = text.xcconfig; name = "Pods-HowToTests.debug.xcconfig"; path = "Target Support Files/Pods-HowToTests/Pods-HowToTests.debug.xcconfig"; sourceTree = "<group>"; };
		B503E07EF3DD411184F298D7 /* Pods_HowTo_HowToUITests.framework */ = {isa = PBXFileReference; explicitFileType = wrapper.framework; includeInIndex = 0; path = Pods_HowTo_HowToUITests.framework; sourceTree = BUILT_PRODUCTS_DIR; };
		BD44F9910C6795C03984146C /* Pods_HowTo.framework */ = {isa = PBXFileReference; explicitFileType = wrapper.framework; includeInIndex = 0; path = Pods_HowTo.framework; sourceTree = BUILT_PRODUCTS_DIR; };
		E769FDC318A50C65E666D498 /* Pods-HowToTests.release.xcconfig */ = {isa = PBXFileReference; includeInIndex = 1; lastKnownFileType = text.xcconfig; name = "Pods-HowToTests.release.xcconfig"; path = "Target Support Files/Pods-HowToTests/Pods-HowToTests.release.xcconfig"; sourceTree = "<group>"; };
		F49177555F19637A9CCDEE3D /* Pods-HowTo.debug.xcconfig */ = {isa = PBXFileReference; includeInIndex = 1; lastKnownFileType = text.xcconfig; name = "Pods-HowTo.debug.xcconfig"; path = "Target Support Files/Pods-HowTo/Pods-HowTo.debug.xcconfig"; sourceTree = "<group>"; };
/* End PBXFileReference section */

/* Begin PBXFrameworksBuildPhase section */
		2B76E678243400430081FD2E /* Frameworks */ = {
			isa = PBXFrameworksBuildPhase;
			buildActionMask = 2147483647;
			files = (
				DC15AA4D3C9A13870913808A /* Pods_HowTo.framework in Frameworks */,
			);
			runOnlyForDeploymentPostprocessing = 0;
		};
		2B76E691243400460081FD2E /* Frameworks */ = {
			isa = PBXFrameworksBuildPhase;
			buildActionMask = 2147483647;
			files = (
				71D1A2D5AB71F633B682FF41 /* Pods_HowToTests.framework in Frameworks */,
			);
			runOnlyForDeploymentPostprocessing = 0;
		};
		2B76E69C243400460081FD2E /* Frameworks */ = {
			isa = PBXFrameworksBuildPhase;
			buildActionMask = 2147483647;
			files = (
				A133F156E351684A0D9F14AC /* Pods_HowTo_HowToUITests.framework in Frameworks */,
			);
			runOnlyForDeploymentPostprocessing = 0;
		};
/* End PBXFrameworksBuildPhase section */

/* Begin PBXGroup section */
		2B76E672243400430081FD2E = {
			isa = PBXGroup;
			children = (
				2B76E67D243400440081FD2E /* HowTo */,
				2B76E697243400460081FD2E /* HowToTests */,
				2B76E6A2243400460081FD2E /* HowToUITests */,
				2B76E67C243400440081FD2E /* Products */,
				A9CC3F8D0F20EEE702351B54 /* Pods */,
				9E6AD2562E06DA5EA70586F5 /* Frameworks */,
			);
			sourceTree = "<group>";
		};
		2B76E67C243400440081FD2E /* Products */ = {
			isa = PBXGroup;
			children = (
				2B76E67B243400440081FD2E /* HowTo.app */,
				2B76E694243400460081FD2E /* HowToTests.xctest */,
				2B76E69F243400460081FD2E /* HowToUITests.xctest */,
			);
			name = Products;
			sourceTree = "<group>";
		};
		2B76E67D243400440081FD2E /* HowTo */ = {
			isa = PBXGroup;
			children = (
				2B76E6B424342C2E0081FD2E /* Model */,
				2B76E67E243400440081FD2E /* AppDelegate.swift */,
				2B76E680243400440081FD2E /* SceneDelegate.swift */,
				2B76E682243400440081FD2E /* HomeViewController.swift */,
				2B76E68A243400460081FD2E /* Assets.xcassets */,
				2B76E68C243400460081FD2E /* LaunchScreen.storyboard */,
				2B76E68F243400460081FD2E /* Info.plist */,
				2B76E687243400440081FD2E /* HowTo.xcdatamodeld */,
			);
			path = HowTo;
			sourceTree = "<group>";
		};
		2B76E697243400460081FD2E /* HowToTests */ = {
			isa = PBXGroup;
			children = (
				2B76E6B124342A340081FD2E /* Model */,
				2B76E698243400460081FD2E /* HowToTests.swift */,
				2B76E69A243400460081FD2E /* Info.plist */,
			);
			path = HowToTests;
			sourceTree = "<group>";
		};
		2B76E6A2243400460081FD2E /* HowToUITests */ = {
			isa = PBXGroup;
			children = (
				2B76E6A3243400460081FD2E /* HowToUITests.swift */,
				2B76E6A5243400460081FD2E /* Info.plist */,
			);
			path = HowToUITests;
			sourceTree = "<group>";
		};
		2B76E6B124342A340081FD2E /* Model */ = {
			isa = PBXGroup;
			children = (
				2B76E6B224342A4B0081FD2E /* TutorialTests.swift */,
			);
			path = Model;
			sourceTree = "<group>";
		};
		2B76E6B424342C2E0081FD2E /* Model */ = {
			isa = PBXGroup;
			children = (
				2B76E6B524342C3F0081FD2E /* Tutorial.swift */,
				2B76E6B724342C7B0081FD2E /* Ingredient.swift */,
				2B76E6B9243432150081FD2E /* Step.swift */,
			);
			path = Model;
			sourceTree = "<group>";
		};
		9E6AD2562E06DA5EA70586F5 /* Frameworks */ = {
			isa = PBXGroup;
			children = (
				BD44F9910C6795C03984146C /* Pods_HowTo.framework */,
				B503E07EF3DD411184F298D7 /* Pods_HowTo_HowToUITests.framework */,
				93368576F3B34BD055D28688 /* Pods_HowToTests.framework */,
			);
			name = Frameworks;
			sourceTree = "<group>";
		};
		A9CC3F8D0F20EEE702351B54 /* Pods */ = {
			isa = PBXGroup;
			children = (
				F49177555F19637A9CCDEE3D /* Pods-HowTo.debug.xcconfig */,
				73D14462C8F16D9C8A753E3B /* Pods-HowTo.release.xcconfig */,
				93E670ED1564AEF0F172C952 /* Pods-HowTo-HowToUITests.debug.xcconfig */,
				3F78CEDA314DFA84A05A2C03 /* Pods-HowTo-HowToUITests.release.xcconfig */,
				A7CFA05FC8A76C441A491ADE /* Pods-HowToTests.debug.xcconfig */,
				E769FDC318A50C65E666D498 /* Pods-HowToTests.release.xcconfig */,
			);
			path = Pods;
			sourceTree = "<group>";
		};
/* End PBXGroup section */

/* Begin PBXNativeTarget section */
		2B76E67A243400430081FD2E /* HowTo */ = {
			isa = PBXNativeTarget;
			buildConfigurationList = 2B76E6A8243400460081FD2E /* Build configuration list for PBXNativeTarget "HowTo" */;
			buildPhases = (
				C53543FE768067841B200421 /* [CP] Check Pods Manifest.lock */,
				2B76E677243400430081FD2E /* Sources */,
				2B76E678243400430081FD2E /* Frameworks */,
				2B76E679243400430081FD2E /* Resources */,
			);
			buildRules = (
			);
			dependencies = (
			);
			name = HowTo;
			productName = HowTo;
			productReference = 2B76E67B243400440081FD2E /* HowTo.app */;
			productType = "com.apple.product-type.application";
		};
		2B76E693243400460081FD2E /* HowToTests */ = {
			isa = PBXNativeTarget;
			buildConfigurationList = 2B76E6AB243400460081FD2E /* Build configuration list for PBXNativeTarget "HowToTests" */;
			buildPhases = (
				FB457D2C2913D30BA56EE993 /* [CP] Check Pods Manifest.lock */,
				2B76E690243400460081FD2E /* Sources */,
				2B76E691243400460081FD2E /* Frameworks */,
				2B76E692243400460081FD2E /* Resources */,
			);
			buildRules = (
			);
			dependencies = (
				2B76E696243400460081FD2E /* PBXTargetDependency */,
			);
			name = HowToTests;
			productName = HowToTests;
			productReference = 2B76E694243400460081FD2E /* HowToTests.xctest */;
			productType = "com.apple.product-type.bundle.unit-test";
		};
		2B76E69E243400460081FD2E /* HowToUITests */ = {
			isa = PBXNativeTarget;
			buildConfigurationList = 2B76E6AE243400460081FD2E /* Build configuration list for PBXNativeTarget "HowToUITests" */;
			buildPhases = (
				4DA4A40605F3E6E8F1FF30DF /* [CP] Check Pods Manifest.lock */,
				2B76E69B243400460081FD2E /* Sources */,
				2B76E69C243400460081FD2E /* Frameworks */,
				2B76E69D243400460081FD2E /* Resources */,
			);
			buildRules = (
			);
			dependencies = (
				2B76E6A1243400460081FD2E /* PBXTargetDependency */,
			);
			name = HowToUITests;
			productName = HowToUITests;
			productReference = 2B76E69F243400460081FD2E /* HowToUITests.xctest */;
			productType = "com.apple.product-type.bundle.ui-testing";
		};
/* End PBXNativeTarget section */

/* Begin PBXProject section */
		2B76E673243400430081FD2E /* Project object */ = {
			isa = PBXProject;
			attributes = {
				LastSwiftUpdateCheck = 1130;
				LastUpgradeCheck = 1130;
				ORGANIZATIONNAME = "Paulo José";
				TargetAttributes = {
					2B76E67A243400430081FD2E = {
						CreatedOnToolsVersion = 11.3.1;
					};
					2B76E693243400460081FD2E = {
						CreatedOnToolsVersion = 11.3.1;
						TestTargetID = 2B76E67A243400430081FD2E;
					};
					2B76E69E243400460081FD2E = {
						CreatedOnToolsVersion = 11.3.1;
						TestTargetID = 2B76E67A243400430081FD2E;
					};
				};
			};
			buildConfigurationList = 2B76E676243400430081FD2E /* Build configuration list for PBXProject "HowTo" */;
			compatibilityVersion = "Xcode 9.3";
			developmentRegion = en;
			hasScannedForEncodings = 0;
			knownRegions = (
				en,
				Base,
			);
			mainGroup = 2B76E672243400430081FD2E;
			productRefGroup = 2B76E67C243400440081FD2E /* Products */;
			projectDirPath = "";
			projectRoot = "";
			targets = (
				2B76E67A243400430081FD2E /* HowTo */,
				2B76E693243400460081FD2E /* HowToTests */,
				2B76E69E243400460081FD2E /* HowToUITests */,
			);
		};
/* End PBXProject section */

/* Begin PBXResourcesBuildPhase section */
		2B76E679243400430081FD2E /* Resources */ = {
			isa = PBXResourcesBuildPhase;
			buildActionMask = 2147483647;
			files = (
				2B76E68E243400460081FD2E /* LaunchScreen.storyboard in Resources */,
				2B76E68B243400460081FD2E /* Assets.xcassets in Resources */,
			);
			runOnlyForDeploymentPostprocessing = 0;
		};
		2B76E692243400460081FD2E /* Resources */ = {
			isa = PBXResourcesBuildPhase;
			buildActionMask = 2147483647;
			files = (
			);
			runOnlyForDeploymentPostprocessing = 0;
		};
		2B76E69D243400460081FD2E /* Resources */ = {
			isa = PBXResourcesBuildPhase;
			buildActionMask = 2147483647;
			files = (
			);
			runOnlyForDeploymentPostprocessing = 0;
		};
/* End PBXResourcesBuildPhase section */

/* Begin PBXShellScriptBuildPhase section */
		4DA4A40605F3E6E8F1FF30DF /* [CP] Check Pods Manifest.lock */ = {
			isa = PBXShellScriptBuildPhase;
			buildActionMask = 2147483647;
			files = (
			);
			inputFileListPaths = (
			);
			inputPaths = (
				"${PODS_PODFILE_DIR_PATH}/Podfile.lock",
				"${PODS_ROOT}/Manifest.lock",
			);
			name = "[CP] Check Pods Manifest.lock";
			outputFileListPaths = (
			);
			outputPaths = (
				"$(DERIVED_FILE_DIR)/Pods-HowTo-HowToUITests-checkManifestLockResult.txt",
			);
			runOnlyForDeploymentPostprocessing = 0;
			shellPath = /bin/sh;
			shellScript = "diff \"${PODS_PODFILE_DIR_PATH}/Podfile.lock\" \"${PODS_ROOT}/Manifest.lock\" > /dev/null\nif [ $? != 0 ] ; then\n    # print error to STDERR\n    echo \"error: The sandbox is not in sync with the Podfile.lock. Run 'pod install' or update your CocoaPods installation.\" >&2\n    exit 1\nfi\n# This output is used by Xcode 'outputs' to avoid re-running this script phase.\necho \"SUCCESS\" > \"${SCRIPT_OUTPUT_FILE_0}\"\n";
			showEnvVarsInLog = 0;
		};
		C53543FE768067841B200421 /* [CP] Check Pods Manifest.lock */ = {
			isa = PBXShellScriptBuildPhase;
			buildActionMask = 2147483647;
			files = (
			);
			inputFileListPaths = (
			);
			inputPaths = (
				"${PODS_PODFILE_DIR_PATH}/Podfile.lock",
				"${PODS_ROOT}/Manifest.lock",
			);
			name = "[CP] Check Pods Manifest.lock";
			outputFileListPaths = (
			);
			outputPaths = (
				"$(DERIVED_FILE_DIR)/Pods-HowTo-checkManifestLockResult.txt",
			);
			runOnlyForDeploymentPostprocessing = 0;
			shellPath = /bin/sh;
			shellScript = "diff \"${PODS_PODFILE_DIR_PATH}/Podfile.lock\" \"${PODS_ROOT}/Manifest.lock\" > /dev/null\nif [ $? != 0 ] ; then\n    # print error to STDERR\n    echo \"error: The sandbox is not in sync with the Podfile.lock. Run 'pod install' or update your CocoaPods installation.\" >&2\n    exit 1\nfi\n# This output is used by Xcode 'outputs' to avoid re-running this script phase.\necho \"SUCCESS\" > \"${SCRIPT_OUTPUT_FILE_0}\"\n";
			showEnvVarsInLog = 0;
		};
		FB457D2C2913D30BA56EE993 /* [CP] Check Pods Manifest.lock */ = {
			isa = PBXShellScriptBuildPhase;
			buildActionMask = 2147483647;
			files = (
			);
			inputFileListPaths = (
			);
			inputPaths = (
				"${PODS_PODFILE_DIR_PATH}/Podfile.lock",
				"${PODS_ROOT}/Manifest.lock",
			);
			name = "[CP] Check Pods Manifest.lock";
			outputFileListPaths = (
			);
			outputPaths = (
				"$(DERIVED_FILE_DIR)/Pods-HowToTests-checkManifestLockResult.txt",
			);
			runOnlyForDeploymentPostprocessing = 0;
			shellPath = /bin/sh;
			shellScript = "diff \"${PODS_PODFILE_DIR_PATH}/Podfile.lock\" \"${PODS_ROOT}/Manifest.lock\" > /dev/null\nif [ $? != 0 ] ; then\n    # print error to STDERR\n    echo \"error: The sandbox is not in sync with the Podfile.lock. Run 'pod install' or update your CocoaPods installation.\" >&2\n    exit 1\nfi\n# This output is used by Xcode 'outputs' to avoid re-running this script phase.\necho \"SUCCESS\" > \"${SCRIPT_OUTPUT_FILE_0}\"\n";
			showEnvVarsInLog = 0;
		};
/* End PBXShellScriptBuildPhase section */

/* Begin PBXSourcesBuildPhase section */
		2B76E677243400430081FD2E /* Sources */ = {
			isa = PBXSourcesBuildPhase;
			buildActionMask = 2147483647;
			files = (
				2B76E683243400440081FD2E /* HomeViewController.swift in Sources */,
				2B76E67F243400440081FD2E /* AppDelegate.swift in Sources */,
				2B76E6B824342C7C0081FD2E /* Ingredient.swift in Sources */,
				2B76E6BA243432150081FD2E /* Step.swift in Sources */,
				2B76E681243400440081FD2E /* SceneDelegate.swift in Sources */,
				2B76E689243400440081FD2E /* HowTo.xcdatamodeld in Sources */,
				2B76E6B624342C3F0081FD2E /* Tutorial.swift in Sources */,
			);
			runOnlyForDeploymentPostprocessing = 0;
		};
		2B76E690243400460081FD2E /* Sources */ = {
			isa = PBXSourcesBuildPhase;
			buildActionMask = 2147483647;
			files = (
				2B76E699243400460081FD2E /* HowToTests.swift in Sources */,
				2B76E6B324342A4B0081FD2E /* TutorialTests.swift in Sources */,
			);
			runOnlyForDeploymentPostprocessing = 0;
		};
		2B76E69B243400460081FD2E /* Sources */ = {
			isa = PBXSourcesBuildPhase;
			buildActionMask = 2147483647;
			files = (
				2B76E6A4243400460081FD2E /* HowToUITests.swift in Sources */,
			);
			runOnlyForDeploymentPostprocessing = 0;
		};
/* End PBXSourcesBuildPhase section */

/* Begin PBXTargetDependency section */
		2B76E696243400460081FD2E /* PBXTargetDependency */ = {
			isa = PBXTargetDependency;
			target = 2B76E67A243400430081FD2E /* HowTo */;
			targetProxy = 2B76E695243400460081FD2E /* PBXContainerItemProxy */;
		};
		2B76E6A1243400460081FD2E /* PBXTargetDependency */ = {
			isa = PBXTargetDependency;
			target = 2B76E67A243400430081FD2E /* HowTo */;
			targetProxy = 2B76E6A0243400460081FD2E /* PBXContainerItemProxy */;
		};
/* End PBXTargetDependency section */

/* Begin PBXVariantGroup section */
		2B76E68C243400460081FD2E /* LaunchScreen.storyboard */ = {
			isa = PBXVariantGroup;
			children = (
				2B76E68D243400460081FD2E /* Base */,
			);
			name = LaunchScreen.storyboard;
			sourceTree = "<group>";
		};
/* End PBXVariantGroup section */

/* Begin XCBuildConfiguration section */
		2B76E6A6243400460081FD2E /* Debug */ = {
			isa = XCBuildConfiguration;
			buildSettings = {
				ALWAYS_SEARCH_USER_PATHS = NO;
				CLANG_ANALYZER_NONNULL = YES;
				CLANG_ANALYZER_NUMBER_OBJECT_CONVERSION = YES_AGGRESSIVE;
				CLANG_CXX_LANGUAGE_STANDARD = "gnu++14";
				CLANG_CXX_LIBRARY = "libc++";
				CLANG_ENABLE_MODULES = YES;
				CLANG_ENABLE_OBJC_ARC = YES;
				CLANG_ENABLE_OBJC_WEAK = YES;
				CLANG_WARN_BLOCK_CAPTURE_AUTORELEASING = YES;
				CLANG_WARN_BOOL_CONVERSION = YES;
				CLANG_WARN_COMMA = YES;
				CLANG_WARN_CONSTANT_CONVERSION = YES;
				CLANG_WARN_DEPRECATED_OBJC_IMPLEMENTATIONS = YES;
				CLANG_WARN_DIRECT_OBJC_ISA_USAGE = YES_ERROR;
				CLANG_WARN_DOCUMENTATION_COMMENTS = YES;
				CLANG_WARN_EMPTY_BODY = YES;
				CLANG_WARN_ENUM_CONVERSION = YES;
				CLANG_WARN_INFINITE_RECURSION = YES;
				CLANG_WARN_INT_CONVERSION = YES;
				CLANG_WARN_NON_LITERAL_NULL_CONVERSION = YES;
				CLANG_WARN_OBJC_IMPLICIT_RETAIN_SELF = YES;
				CLANG_WARN_OBJC_LITERAL_CONVERSION = YES;
				CLANG_WARN_OBJC_ROOT_CLASS = YES_ERROR;
				CLANG_WARN_RANGE_LOOP_ANALYSIS = YES;
				CLANG_WARN_STRICT_PROTOTYPES = YES;
				CLANG_WARN_SUSPICIOUS_MOVE = YES;
				CLANG_WARN_UNGUARDED_AVAILABILITY = YES_AGGRESSIVE;
				CLANG_WARN_UNREACHABLE_CODE = YES;
				CLANG_WARN__DUPLICATE_METHOD_MATCH = YES;
				COPY_PHASE_STRIP = NO;
				DEBUG_INFORMATION_FORMAT = dwarf;
				ENABLE_STRICT_OBJC_MSGSEND = YES;
				ENABLE_TESTABILITY = YES;
				GCC_C_LANGUAGE_STANDARD = gnu11;
				GCC_DYNAMIC_NO_PIC = NO;
				GCC_NO_COMMON_BLOCKS = YES;
				GCC_OPTIMIZATION_LEVEL = 0;
				GCC_PREPROCESSOR_DEFINITIONS = (
					"DEBUG=1",
					"$(inherited)",
				);
				GCC_WARN_64_TO_32_BIT_CONVERSION = YES;
				GCC_WARN_ABOUT_RETURN_TYPE = YES_ERROR;
				GCC_WARN_UNDECLARED_SELECTOR = YES;
				GCC_WARN_UNINITIALIZED_AUTOS = YES_AGGRESSIVE;
				GCC_WARN_UNUSED_FUNCTION = YES;
				GCC_WARN_UNUSED_VARIABLE = YES;
				IPHONEOS_DEPLOYMENT_TARGET = 13.2;
				MTL_ENABLE_DEBUG_INFO = INCLUDE_SOURCE;
				MTL_FAST_MATH = YES;
				ONLY_ACTIVE_ARCH = YES;
				SDKROOT = iphoneos;
				SWIFT_ACTIVE_COMPILATION_CONDITIONS = DEBUG;
				SWIFT_OPTIMIZATION_LEVEL = "-Onone";
			};
			name = Debug;
		};
		2B76E6A7243400460081FD2E /* Release */ = {
			isa = XCBuildConfiguration;
			buildSettings = {
				ALWAYS_SEARCH_USER_PATHS = NO;
				CLANG_ANALYZER_NONNULL = YES;
				CLANG_ANALYZER_NUMBER_OBJECT_CONVERSION = YES_AGGRESSIVE;
				CLANG_CXX_LANGUAGE_STANDARD = "gnu++14";
				CLANG_CXX_LIBRARY = "libc++";
				CLANG_ENABLE_MODULES = YES;
				CLANG_ENABLE_OBJC_ARC = YES;
				CLANG_ENABLE_OBJC_WEAK = YES;
				CLANG_WARN_BLOCK_CAPTURE_AUTORELEASING = YES;
				CLANG_WARN_BOOL_CONVERSION = YES;
				CLANG_WARN_COMMA = YES;
				CLANG_WARN_CONSTANT_CONVERSION = YES;
				CLANG_WARN_DEPRECATED_OBJC_IMPLEMENTATIONS = YES;
				CLANG_WARN_DIRECT_OBJC_ISA_USAGE = YES_ERROR;
				CLANG_WARN_DOCUMENTATION_COMMENTS = YES;
				CLANG_WARN_EMPTY_BODY = YES;
				CLANG_WARN_ENUM_CONVERSION = YES;
				CLANG_WARN_INFINITE_RECURSION = YES;
				CLANG_WARN_INT_CONVERSION = YES;
				CLANG_WARN_NON_LITERAL_NULL_CONVERSION = YES;
				CLANG_WARN_OBJC_IMPLICIT_RETAIN_SELF = YES;
				CLANG_WARN_OBJC_LITERAL_CONVERSION = YES;
				CLANG_WARN_OBJC_ROOT_CLASS = YES_ERROR;
				CLANG_WARN_RANGE_LOOP_ANALYSIS = YES;
				CLANG_WARN_STRICT_PROTOTYPES = YES;
				CLANG_WARN_SUSPICIOUS_MOVE = YES;
				CLANG_WARN_UNGUARDED_AVAILABILITY = YES_AGGRESSIVE;
				CLANG_WARN_UNREACHABLE_CODE = YES;
				CLANG_WARN__DUPLICATE_METHOD_MATCH = YES;
				COPY_PHASE_STRIP = NO;
				DEBUG_INFORMATION_FORMAT = "dwarf-with-dsym";
				ENABLE_NS_ASSERTIONS = NO;
				ENABLE_STRICT_OBJC_MSGSEND = YES;
				GCC_C_LANGUAGE_STANDARD = gnu11;
				GCC_NO_COMMON_BLOCKS = YES;
				GCC_WARN_64_TO_32_BIT_CONVERSION = YES;
				GCC_WARN_ABOUT_RETURN_TYPE = YES_ERROR;
				GCC_WARN_UNDECLARED_SELECTOR = YES;
				GCC_WARN_UNINITIALIZED_AUTOS = YES_AGGRESSIVE;
				GCC_WARN_UNUSED_FUNCTION = YES;
				GCC_WARN_UNUSED_VARIABLE = YES;
				IPHONEOS_DEPLOYMENT_TARGET = 13.2;
				MTL_ENABLE_DEBUG_INFO = NO;
				MTL_FAST_MATH = YES;
				SDKROOT = iphoneos;
				SWIFT_COMPILATION_MODE = wholemodule;
				SWIFT_OPTIMIZATION_LEVEL = "-O";
				VALIDATE_PRODUCT = YES;
			};
			name = Release;
		};
		2B76E6A9243400460081FD2E /* Debug */ = {
			isa = XCBuildConfiguration;
			baseConfigurationReference = F49177555F19637A9CCDEE3D /* Pods-HowTo.debug.xcconfig */;
			buildSettings = {
				ASSETCATALOG_COMPILER_APPICON_NAME = AppIcon;
				CODE_SIGN_STYLE = Automatic;
				DEVELOPMENT_TEAM = VA7DWMQ39T;
				INFOPLIST_FILE = HowTo/Info.plist;
				LD_RUNPATH_SEARCH_PATHS = (
					"$(inherited)",
					"@executable_path/Frameworks",
				);
				PRODUCT_BUNDLE_IDENTIFIER = com.paulocardosob.HowTo;
				PRODUCT_NAME = "$(TARGET_NAME)";
				SWIFT_VERSION = 5.0;
				TARGETED_DEVICE_FAMILY = "1,2";
			};
			name = Debug;
		};
		2B76E6AA243400460081FD2E /* Release */ = {
			isa = XCBuildConfiguration;
			baseConfigurationReference = 73D14462C8F16D9C8A753E3B /* Pods-HowTo.release.xcconfig */;
			buildSettings = {
				ASSETCATALOG_COMPILER_APPICON_NAME = AppIcon;
				CODE_SIGN_STYLE = Automatic;
				DEVELOPMENT_TEAM = VA7DWMQ39T;
				INFOPLIST_FILE = HowTo/Info.plist;
				LD_RUNPATH_SEARCH_PATHS = (
					"$(inherited)",
					"@executable_path/Frameworks",
				);
				PRODUCT_BUNDLE_IDENTIFIER = com.paulocardosob.HowTo;
				PRODUCT_NAME = "$(TARGET_NAME)";
				SWIFT_VERSION = 5.0;
				TARGETED_DEVICE_FAMILY = "1,2";
			};
			name = Release;
		};
		2B76E6AC243400460081FD2E /* Debug */ = {
			isa = XCBuildConfiguration;
			baseConfigurationReference = A7CFA05FC8A76C441A491ADE /* Pods-HowToTests.debug.xcconfig */;
			buildSettings = {
				ALWAYS_EMBED_SWIFT_STANDARD_LIBRARIES = YES;
				BUNDLE_LOADER = "$(TEST_HOST)";
				CODE_SIGN_STYLE = Automatic;
				DEVELOPMENT_TEAM = VA7DWMQ39T;
				INFOPLIST_FILE = HowToTests/Info.plist;
				IPHONEOS_DEPLOYMENT_TARGET = 13.2;
				LD_RUNPATH_SEARCH_PATHS = (
					"$(inherited)",
					"@executable_path/Frameworks",
					"@loader_path/Frameworks",
				);
				PRODUCT_BUNDLE_IDENTIFIER = com.paulocardosob.HowToTests;
				PRODUCT_NAME = "$(TARGET_NAME)";
				SWIFT_VERSION = 5.0;
				TARGETED_DEVICE_FAMILY = "1,2";
				TEST_HOST = "$(BUILT_PRODUCTS_DIR)/HowTo.app/HowTo";
			};
			name = Debug;
		};
		2B76E6AD243400460081FD2E /* Release */ = {
			isa = XCBuildConfiguration;
			baseConfigurationReference = E769FDC318A50C65E666D498 /* Pods-HowToTests.release.xcconfig */;
			buildSettings = {
				ALWAYS_EMBED_SWIFT_STANDARD_LIBRARIES = YES;
				BUNDLE_LOADER = "$(TEST_HOST)";
				CODE_SIGN_STYLE = Automatic;
				DEVELOPMENT_TEAM = VA7DWMQ39T;
				INFOPLIST_FILE = HowToTests/Info.plist;
				IPHONEOS_DEPLOYMENT_TARGET = 13.2;
				LD_RUNPATH_SEARCH_PATHS = (
					"$(inherited)",
					"@executable_path/Frameworks",
					"@loader_path/Frameworks",
				);
				PRODUCT_BUNDLE_IDENTIFIER = com.paulocardosob.HowToTests;
				PRODUCT_NAME = "$(TARGET_NAME)";
				SWIFT_VERSION = 5.0;
				TARGETED_DEVICE_FAMILY = "1,2";
				TEST_HOST = "$(BUILT_PRODUCTS_DIR)/HowTo.app/HowTo";
			};
			name = Release;
		};
		2B76E6AF243400460081FD2E /* Debug */ = {
			isa = XCBuildConfiguration;
			baseConfigurationReference = 93E670ED1564AEF0F172C952 /* Pods-HowTo-HowToUITests.debug.xcconfig */;
			buildSettings = {
				ALWAYS_EMBED_SWIFT_STANDARD_LIBRARIES = YES;
				CODE_SIGN_STYLE = Automatic;
				DEVELOPMENT_TEAM = VA7DWMQ39T;
				INFOPLIST_FILE = HowToUITests/Info.plist;
				LD_RUNPATH_SEARCH_PATHS = (
					"$(inherited)",
					"@executable_path/Frameworks",
					"@loader_path/Frameworks",
				);
				PRODUCT_BUNDLE_IDENTIFIER = com.paulocardosob.HowToUITests;
				PRODUCT_NAME = "$(TARGET_NAME)";
				SWIFT_VERSION = 5.0;
				TARGETED_DEVICE_FAMILY = "1,2";
				TEST_TARGET_NAME = HowTo;
			};
			name = Debug;
		};
		2B76E6B0243400460081FD2E /* Release */ = {
			isa = XCBuildConfiguration;
			baseConfigurationReference = 3F78CEDA314DFA84A05A2C03 /* Pods-HowTo-HowToUITests.release.xcconfig */;
			buildSettings = {
				ALWAYS_EMBED_SWIFT_STANDARD_LIBRARIES = YES;
				CODE_SIGN_STYLE = Automatic;
				DEVELOPMENT_TEAM = VA7DWMQ39T;
				INFOPLIST_FILE = HowToUITests/Info.plist;
				LD_RUNPATH_SEARCH_PATHS = (
					"$(inherited)",
					"@executable_path/Frameworks",
					"@loader_path/Frameworks",
				);
				PRODUCT_BUNDLE_IDENTIFIER = com.paulocardosob.HowToUITests;
				PRODUCT_NAME = "$(TARGET_NAME)";
				SWIFT_VERSION = 5.0;
				TARGETED_DEVICE_FAMILY = "1,2";
				TEST_TARGET_NAME = HowTo;
			};
			name = Release;
		};
/* End XCBuildConfiguration section */

/* Begin XCConfigurationList section */
		2B76E676243400430081FD2E /* Build configuration list for PBXProject "HowTo" */ = {
			isa = XCConfigurationList;
			buildConfigurations = (
				2B76E6A6243400460081FD2E /* Debug */,
				2B76E6A7243400460081FD2E /* Release */,
			);
			defaultConfigurationIsVisible = 0;
			defaultConfigurationName = Release;
		};
		2B76E6A8243400460081FD2E /* Build configuration list for PBXNativeTarget "HowTo" */ = {
			isa = XCConfigurationList;
			buildConfigurations = (
				2B76E6A9243400460081FD2E /* Debug */,
				2B76E6AA243400460081FD2E /* Release */,
			);
			defaultConfigurationIsVisible = 0;
			defaultConfigurationName = Release;
		};
		2B76E6AB243400460081FD2E /* Build configuration list for PBXNativeTarget "HowToTests" */ = {
			isa = XCConfigurationList;
			buildConfigurations = (
				2B76E6AC243400460081FD2E /* Debug */,
				2B76E6AD243400460081FD2E /* Release */,
			);
			defaultConfigurationIsVisible = 0;
			defaultConfigurationName = Release;
		};
		2B76E6AE243400460081FD2E /* Build configuration list for PBXNativeTarget "HowToUITests" */ = {
			isa = XCConfigurationList;
			buildConfigurations = (
				2B76E6AF243400460081FD2E /* Debug */,
				2B76E6B0243400460081FD2E /* Release */,
			);
			defaultConfigurationIsVisible = 0;
			defaultConfigurationName = Release;
		};
/* End XCConfigurationList section */

/* Begin XCVersionGroup section */
		2B76E687243400440081FD2E /* HowTo.xcdatamodeld */ = {
			isa = XCVersionGroup;
			children = (
				2B76E688243400440081FD2E /* HowTo.xcdatamodel */,
			);
			currentVersion = 2B76E688243400440081FD2E /* HowTo.xcdatamodel */;
			path = HowTo.xcdatamodeld;
			sourceTree = "<group>";
			versionGroupType = wrapper.xcdatamodel;
		};
/* End XCVersionGroup section */
	};
	rootObject = 2B76E673243400430081FD2E /* Project object */;
}
